
Microsoft Visual Studio Solution File, Format Version 12.00
# Visual Studio Version 17
VisualStudioVersion = 17.7.34024.191
MinimumVisualStudioVersion = 10.0.40219.1
Project("{9A19103F-16F7-4668-BE54-9A1E7A4F7556}") = "ReCapProject.Entities", "ReCapProject.Entities\ReCapProject.Entities.csproj", "{63960BA5-09D4-45FA-8AA5-4A57B86526D3}"
EndProject
Project("{9A19103F-16F7-4668-BE54-9A1E7A4F7556}") = "ReCapProject.DataAccess", "ReCapProject.DataAccess\ReCapProject.DataAccess.csproj", "{A970D080-ACCA-4576-BB6E-9C2BE022DF3C}"
EndProject
Project("{9A19103F-16F7-4668-BE54-9A1E7A4F7556}") = "ReCapProject.Business", "ReCapProject.Business\ReCapProject.Business.csproj", "{A4990E9F-5726-4C7F-ABE6-985D2417B4B1}"
EndProject
Project("{9A19103F-16F7-4668-BE54-9A1E7A4F7556}") = "ReCapProject.ConsoleUI", "ReCapProject.ConsoleUI\ReCapProject.ConsoleUI.csproj", "{B6D8D519-90C7-4DBD-AAEB-A0778B1E5DCA}"
EndProject
Project("{9A19103F-16F7-4668-BE54-9A1E7A4F7556}") = "ReCapProject.Core", "ReCapProject.Core\ReCapProject.Core.csproj", "{0177B20B-ED6D-4A0E-B88E-E5DF1F4BCC5D}"
EndProject
Project("{FAE04EC0-301F-11D3-BF4B-00C04F79EFBC}") = "ReCapWebAPI", "ReCapWebAPI\ReCapWebAPI.csproj", "{E6ED323F-4851-4309-A227-4F5F0812043C}"
EndProject
Global
	GlobalSection(SolutionConfigurationPlatforms) = preSolution
		Debug|Any CPU = Debug|Any CPU
		Release|Any CPU = Release|Any CPU
	EndGlobalSection
	GlobalSection(ProjectConfigurationPlatforms) = postSolution
		{63960BA5-09D4-45FA-8AA5-4A57B86526D3}.Debug|Any CPU.ActiveCfg = Debug|Any CPU
		{63960BA5-09D4-45FA-8AA5-4A57B86526D3}.Debug|Any CPU.Build.0 = Debug|Any CPU
		{63960BA5-09D4-45FA-8AA5-4A57B86526D3}.Release|Any CPU.ActiveCfg = Release|Any CPU
		{63960BA5-09D4-45FA-8AA5-4A57B86526D3}.Release|Any CPU.Build.0 = Release|Any CPU
		{A970D080-ACCA-4576-BB6E-9C2BE022DF3C}.Debug|Any CPU.ActiveCfg = Debug|Any CPU
		{A970D080-ACCA-4576-BB6E-9C2BE022DF3C}.Debug|Any CPU.Build.0 = Debug|Any CPU
		{A970D080-ACCA-4576-BB6E-9C2BE022DF3C}.Release|Any CPU.ActiveCfg = Release|Any CPU
		{A970D080-ACCA-4576-BB6E-9C2BE022DF3C}.Release|Any CPU.Build.0 = Release|Any CPU
		{A4990E9F-5726-4C7F-ABE6-985D2417B4B1}.Debug|Any CPU.ActiveCfg = Debug|Any CPU
		{A4990E9F-5726-4C7F-ABE6-985D2417B4B1}.Debug|Any CPU.Build.0 = Debug|Any CPU
		{A4990E9F-5726-4C7F-ABE6-985D2417B4B1}.Release|Any CPU.ActiveCfg = Release|Any CPU
		{A4990E9F-5726-4C7F-ABE6-985D2417B4B1}.Release|Any CPU.Build.0 = Release|Any CPU
		{B6D8D519-90C7-4DBD-AAEB-A0778B1E5DCA}.Debug|Any CPU.ActiveCfg = Debug|Any CPU
		{B6D8D519-90C7-4DBD-AAEB-A0778B1E5DCA}.Debug|Any CPU.Build.0 = Debug|Any CPU
		{B6D8D519-90C7-4DBD-AAEB-A0778B1E5DCA}.Release|Any CPU.ActiveCfg = Release|Any CPU
		{B6D8D519-90C7-4DBD-AAEB-A0778B1E5DCA}.Release|Any CPU.Build.0 = Release|Any CPU
		{0177B20B-ED6D-4A0E-B88E-E5DF1F4BCC5D}.Debug|Any CPU.ActiveCfg = Debug|Any CPU
		{0177B20B-ED6D-4A0E-B88E-E5DF1F4BCC5D}.Debug|Any CPU.Build.0 = Debug|Any CPU
		{0177B20B-ED6D-4A0E-B88E-E5DF1F4BCC5D}.Release|Any CPU.ActiveCfg = Release|Any CPU
		{0177B20B-ED6D-4A0E-B88E-E5DF1F4BCC5D}.Release|Any CPU.Build.0 = Release|Any CPU
		{E6ED323F-4851-4309-A227-4F5F0812043C}.Debug|Any CPU.ActiveCfg = Debug|Any CPU
		{E6ED323F-4851-4309-A227-4F5F0812043C}.Debug|Any CPU.Build.0 = Debug|Any CPU
		{E6ED323F-4851-4309-A227-4F5F0812043C}.Release|Any CPU.ActiveCfg = Release|Any CPU
		{E6ED323F-4851-4309-A227-4F5F0812043C}.Release|Any CPU.Build.0 = Release|Any CPU
	EndGlobalSection
	GlobalSection(SolutionProperties) = preSolution
		HideSolutionNode = FALSE
	EndGlobalSection
	GlobalSection(ExtensibilityGlobals) = postSolution
		SolutionGuid = {8E6EE6A6-68A1-450D-8F21-02E6384E2101}
	EndGlobalSection
EndGlobal
